
Microsoft Visual Studio Solution File, Format Version 11.00
# Visual Studio 2010
Project("{FAE04EC0-301F-11D3-BF4B-00C04F79EFBC}") = "Assembly-CSharp-firstpass", "Assembly-CSharp-firstpass.csproj", "{9FF63CA9-F3C7-1BAD-2316-6A8EB933779D}"
EndProject
Project("{FAE04EC0-301F-11D3-BF4B-00C04F79EFBC}") = "Assembly-CSharp", "Assembly-CSharp.csproj", "{ACB4F882-52A1-CEE9-4384-97DA0C470C72}"
EndProject
Project("{FAE04EC0-301F-11D3-BF4B-00C04F79EFBC}") = "Assembly-CSharp-Editor", "Assembly-CSharp-Editor.csproj", "{2227882F-2B9D-96D1-6C72-6950C4F66F40}"
EndProject
Project("{FAE04EC0-301F-11D3-BF4B-00C04F79EFBC}") = "Assembly-CSharp-Editor-firstpass", "Assembly-CSharp-Editor-firstpass.csproj", "{FF1A61AF-8FBE-54A1-88C1-4B2C1FD6E13F}"
EndProject
Global
	GlobalSection(SolutionConfigurationPlatforms) = preSolution
		Debug|Any CPU = Debug|Any CPU
		Release|Any CPU = Release|Any CPU
	EndGlobalSection
	GlobalSection(ProjectConfigurationPlatforms) = postSolution
		{9FF63CA9-F3C7-1BAD-2316-6A8EB933779D}.Debug|Any CPU.ActiveCfg = Debug|Any CPU
		{9FF63CA9-F3C7-1BAD-2316-6A8EB933779D}.Debug|Any CPU.Build.0 = Debug|Any CPU
		{9FF63CA9-F3C7-1BAD-2316-6A8EB933779D}.Release|Any CPU.ActiveCfg = Release|Any CPU
		{9FF63CA9-F3C7-1BAD-2316-6A8EB933779D}.Release|Any CPU.Build.0 = Release|Any CPU
		{ACB4F882-52A1-CEE9-4384-97DA0C470C72}.Debug|Any CPU.ActiveCfg = Debug|Any CPU
		{ACB4F882-52A1-CEE9-4384-97DA0C470C72}.Debug|Any CPU.Build.0 = Debug|Any CPU
		{ACB4F882-52A1-CEE9-4384-97DA0C470C72}.Release|Any CPU.ActiveCfg = Release|Any CPU
		{ACB4F882-52A1-CEE9-4384-97DA0C470C72}.Release|Any CPU.Build.0 = Release|Any CPU
		{2227882F-2B9D-96D1-6C72-6950C4F66F40}.Debug|Any CPU.ActiveCfg = Debug|Any CPU
		{2227882F-2B9D-96D1-6C72-6950C4F66F40}.Debug|Any CPU.Build.0 = Debug|Any CPU
		{2227882F-2B9D-96D1-6C72-6950C4F66F40}.Release|Any CPU.ActiveCfg = Release|Any CPU
		{2227882F-2B9D-96D1-6C72-6950C4F66F40}.Release|Any CPU.Build.0 = Release|Any CPU
		{FF1A61AF-8FBE-54A1-88C1-4B2C1FD6E13F}.Debug|Any CPU.ActiveCfg = Debug|Any CPU
		{FF1A61AF-8FBE-54A1-88C1-4B2C1FD6E13F}.Debug|Any CPU.Build.0 = Debug|Any CPU
		{FF1A61AF-8FBE-54A1-88C1-4B2C1FD6E13F}.Release|Any CPU.ActiveCfg = Release|Any CPU
		{FF1A61AF-8FBE-54A1-88C1-4B2C1FD6E13F}.Release|Any CPU.Build.0 = Release|Any CPU
	EndGlobalSection
	GlobalSection(SolutionProperties) = preSolution
		HideSolutionNode = FALSE
	EndGlobalSection
	GlobalSection(MonoDevelopProperties) = preSolution
		StartupItem = Assembly-CSharp.csproj
	EndGlobalSection
EndGlobal
